<?xml version="1.0" encoding="UTF-8"?>
<Scheme
   LastUpgradeVersion = "1240"
   version = "1.3">
   <BuildAction
      parallelizeBuildables = "YES"
      buildImplicitDependencies = "YES">
      <BuildActionEntries>
         <BuildActionEntry
            buildForTesting = "YES"
            buildForRunning = "YES"
            buildForProfiling = "YES"
            buildForArchiving = "YES"
            buildForAnalyzing = "YES">
            <BuildableReference
               BuildableIdentifier = "primary"
               BlueprintIdentifier = "86CFD13225BDFD51006A53E6"
               BuildableName = "iHolidays.app"
               BlueprintName = "iHolidays"
               ReferencedContainer = "container:iHolidays.xcodeproj">
            </BuildableReference>
         </BuildActionEntry>
         <BuildActionEntry
            buildForTesting = "YES"
            buildForRunning = "NO"
            buildForProfiling = "NO"
            buildForArchiving = "NO"
            buildForAnalyzing = "NO">
            <BuildableReference
               BuildableIdentifier = "primary"
               BlueprintIdentifier = "86CFD14825BDFD55006A53E6"
               BuildableName = "iHolidaysTests.xctest"
               BlueprintName = "iHolidaysTests"
               ReferencedContainer = "container:iHolidays.xcodeproj">
            </BuildableReference>
         </BuildActionEntry>
         <BuildActionEntry
            buildForTesting = "YES"
            buildForRunning = "NO"
            buildForProfiling = "NO"
            buildForArchiving = "NO"
            buildForAnalyzing = "NO">
            <BuildableReference
               BuildableIdentifier = "primary"
               BlueprintIdentifier = "86CFD15325BDFD55006A53E6"
               BuildableName = "iHolidaysUITests.xctest"
               BlueprintName = "iHolidaysUITests"
               ReferencedContainer = "container:iHolidays.xcodeproj">
            </BuildableReference>
         </BuildActionEntry>
      </BuildActionEntries>
   </BuildAction>
   <TestAction
      buildConfiguration = "Debug"
      selectedDebuggerIdentifier = "Xcode.DebuggerFoundation.Debugger.LLDB"
      selectedLauncherIdentifier = "Xcode.DebuggerFoundation.Launcher.LLDB"
      shouldUseLaunchSchemeArgsEnv = "YES"
      codeCoverageEnabled = "YES"
      onlyGenerateCoverageForSpecifiedTargets = "YES">
      <CodeCoverageTargets>
         <BuildableReference
            BuildableIdentifier = "primary"
            BlueprintIdentifier = "86CFD13225BDFD51006A53E6"
            BuildableName = "iHolidays.app"
            BlueprintName = "iHolidays"
            ReferencedContainer = "container:iHolidays.xcodeproj">
         </BuildableReference>
         <BuildableReference
            BuildableIdentifier = "primary"
            BlueprintIdentifier = "iHolidaysDomain"
            BuildableName = "iHolidaysDomain"
            BlueprintName = "iHolidaysDomain"
            ReferencedContainer = "container:Packages/iHolidaysDomain">
         </BuildableReference>
         <BuildableReference
            BuildableIdentifier = "primary"
            BlueprintIdentifier = "iHolidaysData"
            BuildableName = "iHolidaysData"
            BlueprintName = "iHolidaysData"
            ReferencedContainer = "container:Packages/iHolidaysData">
         </BuildableReference>
      </CodeCoverageTargets>
      <Testables>
         <TestableReference
            skipped = "NO">
            <BuildableReference
               BuildableIdentifier = "primary"
               BlueprintIdentifier = "86CFD14825BDFD55006A53E6"
               BuildableName = "iHolidaysTests.xctest"
               BlueprintName = "iHolidaysTests"
               ReferencedContainer = "container:iHolidays.xcodeproj">
            </BuildableReference>
         </TestableReference>
         <TestableReference
            skipped = "NO">
            <BuildableReference
               BuildableIdentifier = "primary"
               BlueprintIdentifier = "86CFD15325BDFD55006A53E6"
               BuildableName = "iHolidaysUITests.xctest"
               BlueprintName = "iHolidaysUITests"
               ReferencedContainer = "container:iHolidays.xcodeproj">
            </BuildableReference>
         </TestableReference>
         <TestableReference
            skipped = "NO">
            <BuildableReference
               BuildableIdentifier = "primary"
               BlueprintIdentifier = "iHolidaysDataTests"
               BuildableName = "iHolidaysDataTests"
               BlueprintName = "iHolidaysDataTests"
               ReferencedContainer = "container:Packages/iHolidaysData">
            </BuildableReference>
         </TestableReference>
         <TestableReference
            skipped = "NO">
            <BuildableReference
               BuildableIdentifier = "primary"
               BlueprintIdentifier = "iHolidaysDomainTests"
               BuildableName = "iHolidaysDomainTests"
               BlueprintName = "iHolidaysDomainTests"
               ReferencedContainer = "container:Packages/iHolidaysDomain">
            </BuildableReference>
         </TestableReference>
      </Testables>
   </TestAction>
   <LaunchAction
      buildConfiguration = "Debug"
      selectedDebuggerIdentifier = "Xcode.DebuggerFoundation.Debugger.LLDB"
      selectedLauncherIdentifier = "Xcode.DebuggerFoundation.Launcher.LLDB"
      launchStyle = "0"
      useCustomWorkingDirectory = "NO"
      ignoresPersistentStateOnLaunch = "NO"
      debugDocumentVersioning = "YES"
      debugServiceExtension = "internal"
      allowLocationSimulation = "YES">
      <BuildableProductRunnable
         runnableDebuggingMode = "0">
         <BuildableReference
            BuildableIdentifier = "primary"
            BlueprintIdentifier = "86CFD13225BDFD51006A53E6"
            BuildableName = "iHolidays.app"
            BlueprintName = "iHolidays"
            ReferencedContainer = "container:iHolidays.xcodeproj">
         </BuildableReference>
      </BuildableProductRunnable>
   </LaunchAction>
   <ProfileAction
      buildConfiguration = "Release"
      shouldUseLaunchSchemeArgsEnv = "YES"
      savedToolIdentifier = ""
      useCustomWorkingDirectory = "NO"
      debugDocumentVersioning = "YES">
      <BuildableProductRunnable
         runnableDebuggingMode = "0">
         <BuildableReference
            BuildableIdentifier = "primary"
            BlueprintIdentifier = "86CFD13225BDFD51006A53E6"
            BuildableName = "iHolidays.app"
            BlueprintName = "iHolidays"
            ReferencedContainer = "container:iHolidays.xcodeproj">
         </BuildableReference>
      </BuildableProductRunnable>
   </ProfileAction>
   <AnalyzeAction
      buildConfiguration = "Debug">
   </AnalyzeAction>
   <ArchiveAction
      buildConfiguration = "Release"
      revealArchiveInOrganizer = "YES">
   </ArchiveAction>
</Scheme>
